
Microsoft Visual Studio Solution File, Format Version 12.00
# Visual Studio Version 17
VisualStudioVersion = 17.4.33205.214
MinimumVisualStudioVersion = 10.0.40219.1
Project("{F184B08F-C81C-45F6-A57F-5ABD9991F28F}") = "Lectores HID BAZFLP", "LectoresBAZFLP\Lectores HID BAZFLP.vbproj", "{FBC38965-5AC5-4267-8ABF-15765B03195A}"
EndProject
Global
	GlobalSection(SolutionConfigurationPlatforms) = preSolution
		Debug|Any CPU = Debug|Any CPU
		Release|Any CPU = Release|Any CPU
	EndGlobalSection
	GlobalSection(ProjectConfigurationPlatforms) = postSolution
		{FBC38965-5AC5-4267-8ABF-15765B03195A}.Debug|Any CPU.ActiveCfg = Debug|Any CPU
		{FBC38965-5AC5-4267-8ABF-15765B03195A}.Debug|Any CPU.Build.0 = Debug|Any CPU
		{FBC38965-5AC5-4267-8ABF-15765B03195A}.Release|Any CPU.ActiveCfg = Release|Any CPU
		{FBC38965-5AC5-4267-8ABF-15765B03195A}.Release|Any CPU.Build.0 = Release|Any CPU
	EndGlobalSection
	GlobalSection(SolutionProperties) = preSolution
		HideSolutionNode = FALSE
	EndGlobalSection
	GlobalSection(ExtensibilityGlobals) = postSolution
		SolutionGuid = {5E7C80C2-D455-47DE-BF5F-7EFE0F44269E}
	EndGlobalSection
EndGlobal
